
Microsoft Visual Studio Solution File, Format Version 12.00
Project("{FAE04EC0-301F-11D3-BF4B-00C04F79EFBC}") = "DiaryService", "DiaryService\DiaryService.csproj", "{8623284E-B20E-4678-A9B8-DC677D3E2B09}"
EndProject
Global
	GlobalSection(SolutionConfigurationPlatforms) = preSolution
		Debug|Any CPU = Debug|Any CPU
		Release|Any CPU = Release|Any CPU
	EndGlobalSection
	GlobalSection(ProjectConfigurationPlatforms) = postSolution
		{8623284E-B20E-4678-A9B8-DC677D3E2B09}.Debug|Any CPU.ActiveCfg = Debug|Any CPU
		{8623284E-B20E-4678-A9B8-DC677D3E2B09}.Debug|Any CPU.Build.0 = Debug|Any CPU
		{8623284E-B20E-4678-A9B8-DC677D3E2B09}.Release|Any CPU.ActiveCfg = Release|Any CPU
		{8623284E-B20E-4678-A9B8-DC677D3E2B09}.Release|Any CPU.Build.0 = Release|Any CPU
	EndGlobalSection
EndGlobal
